
Microsoft Visual Studio Solution File, Format Version 12.00
# Visual Studio Version 16
VisualStudioVersion = 25.0.1706.4
MinimumVisualStudioVersion = 10.0.40219.1
Project("{FAE04EC0-301F-11D3-BF4B-00C04F79EFBC}") = "ParkingSys", "ParkingSys\ParkingSys.csproj", "{D68F146D-5853-42D8-96F1-D83D27DB0B64}"
EndProject
Global
	GlobalSection(SolutionConfigurationPlatforms) = preSolution
		Debug|Any CPU = Debug|Any CPU
		Release|Any CPU = Release|Any CPU
	EndGlobalSection
	GlobalSection(ProjectConfigurationPlatforms) = postSolution
		{D68F146D-5853-42D8-96F1-D83D27DB0B64}.Debug|Any CPU.ActiveCfg = Debug|Any CPU
		{D68F146D-5853-42D8-96F1-D83D27DB0B64}.Debug|Any CPU.Build.0 = Debug|Any CPU
		{D68F146D-5853-42D8-96F1-D83D27DB0B64}.Release|Any CPU.ActiveCfg = Release|Any CPU
		{D68F146D-5853-42D8-96F1-D83D27DB0B64}.Release|Any CPU.Build.0 = Release|Any CPU
	EndGlobalSection
	GlobalSection(SolutionProperties) = preSolution
		HideSolutionNode = FALSE
	EndGlobalSection
	GlobalSection(ExtensibilityGlobals) = postSolution
		SolutionGuid = {AF979791-3069-40BD-BCC8-34233CFBD725}
	EndGlobalSection
EndGlobal
